
Microsoft Visual Studio Solution File, Format Version 12.00
# Visual Studio Version 16
VisualStudioVersion = 16.0.29102.190
MinimumVisualStudioVersion = 10.0.40219.1
Project("{2150E333-8FDC-42A3-9474-1A3956D46DE8}") = "Solution Items", "Solution Items", "{7B826731-CEAD-401D-81E4-8705F51A2C5A}"
	ProjectSection(SolutionItems) = preProject
		readme.md = readme.md
	EndProjectSection
EndProject
Project("{9A19103F-16F7-4668-BE54-9A1E7A4F7556}") = "Anon.OnPremUploadDownload.AspNetCore", "Anon.OnPremUploadDownload.AspNetCore\Anon.OnPremUploadDownload.AspNetCore.csproj", "{B99F4187-77A6-45F5-B98C-009F94D7E7E6}"
EndProject
Project("{9A19103F-16F7-4668-BE54-9A1E7A4F7556}") = "Anon.OnPremUploadDownload.ServiceBusReverseProxy", "Anon.OnPremUploadDownload.ServiceBusReverseProxy\Anon.OnPremUploadDownload.ServiceBusReverseProxy.csproj", "{90A69F79-6DB6-4CF1-A57B-4095085385BE}"
EndProject
Project("{9A19103F-16F7-4668-BE54-9A1E7A4F7556}") = "Anon.OnPremUploadDownload.Http", "Anon.OnPremUploadDownload.Http\Anon.OnPremUploadDownload.Http.csproj", "{4D6362D2-E016-49C1-A094-97B8721C4C96}"
EndProject
Global
	GlobalSection(SolutionConfigurationPlatforms) = preSolution
		Debug|Any CPU = Debug|Any CPU
		Release|Any CPU = Release|Any CPU
	EndGlobalSection
	GlobalSection(ProjectConfigurationPlatforms) = postSolution
		{B99F4187-77A6-45F5-B98C-009F94D7E7E6}.Debug|Any CPU.ActiveCfg = Debug|Any CPU
		{B99F4187-77A6-45F5-B98C-009F94D7E7E6}.Debug|Any CPU.Build.0 = Debug|Any CPU
		{B99F4187-77A6-45F5-B98C-009F94D7E7E6}.Release|Any CPU.ActiveCfg = Release|Any CPU
		{B99F4187-77A6-45F5-B98C-009F94D7E7E6}.Release|Any CPU.Build.0 = Release|Any CPU
		{90A69F79-6DB6-4CF1-A57B-4095085385BE}.Debug|Any CPU.ActiveCfg = Debug|Any CPU
		{90A69F79-6DB6-4CF1-A57B-4095085385BE}.Debug|Any CPU.Build.0 = Debug|Any CPU
		{90A69F79-6DB6-4CF1-A57B-4095085385BE}.Release|Any CPU.ActiveCfg = Release|Any CPU
		{90A69F79-6DB6-4CF1-A57B-4095085385BE}.Release|Any CPU.Build.0 = Release|Any CPU
		{4D6362D2-E016-49C1-A094-97B8721C4C96}.Debug|Any CPU.ActiveCfg = Debug|Any CPU
		{4D6362D2-E016-49C1-A094-97B8721C4C96}.Debug|Any CPU.Build.0 = Debug|Any CPU
		{4D6362D2-E016-49C1-A094-97B8721C4C96}.Release|Any CPU.ActiveCfg = Release|Any CPU
		{4D6362D2-E016-49C1-A094-97B8721C4C96}.Release|Any CPU.Build.0 = Release|Any CPU
	EndGlobalSection
	GlobalSection(SolutionProperties) = preSolution
		HideSolutionNode = FALSE
	EndGlobalSection
	GlobalSection(ExtensibilityGlobals) = postSolution
		SolutionGuid = {7A5A78B2-5F33-4F27-BA88-E5139B1A12B0}
	EndGlobalSection
EndGlobal
